
Microsoft Visual Studio Solution File, Format Version 12.00
# Visual Studio Version 16
VisualStudioVersion = 16.0.30804.86
MinimumVisualStudioVersion = 10.0.40219.1
Project("{FAE04EC0-301F-11D3-BF4B-00C04F79EFBC}") = "BookingMovies.WebApi.Tests", "BookingMovies.WebApi.Tests\BookingMovies.WebApi.Tests.csproj", "{8167B035-4DD4-45F7-BF14-3BB123A0C1F5}"
EndProject
Global
	GlobalSection(SolutionConfigurationPlatforms) = preSolution
		Debug|Any CPU = Debug|Any CPU
		Release|Any CPU = Release|Any CPU
	EndGlobalSection
	GlobalSection(ProjectConfigurationPlatforms) = postSolution
		{8167B035-4DD4-45F7-BF14-3BB123A0C1F5}.Debug|Any CPU.ActiveCfg = Debug|Any CPU
		{8167B035-4DD4-45F7-BF14-3BB123A0C1F5}.Debug|Any CPU.Build.0 = Debug|Any CPU
		{8167B035-4DD4-45F7-BF14-3BB123A0C1F5}.Release|Any CPU.ActiveCfg = Release|Any CPU
		{8167B035-4DD4-45F7-BF14-3BB123A0C1F5}.Release|Any CPU.Build.0 = Release|Any CPU
	EndGlobalSection
	GlobalSection(SolutionProperties) = preSolution
		HideSolutionNode = FALSE
	EndGlobalSection
	GlobalSection(ExtensibilityGlobals) = postSolution
		SolutionGuid = {6908C7B1-6A77-4C82-B55A-A32E0E712369}
	EndGlobalSection
EndGlobal
